
Microsoft Visual Studio Solution File, Format Version 12.00
# Visual Studio Version 17
VisualStudioVersion = 17.1.32210.238
MinimumVisualStudioVersion = 10.0.40219.1
Project("{6EC3EE1D-3C4E-46DD-8F32-0CC8E7565705}") = "Eventmann.Server", "Eventmann.Server\Eventmann.Server.fsproj", "{050859F9-F026-4496-9A26-4B36C6F611B0}"
EndProject
Project("{6EC3EE1D-3C4E-46DD-8F32-0CC8E7565705}") = "Eventmann.Shared", "Eventmann.Shared\Eventmann.Shared.fsproj", "{0BFFB93A-2775-4312-8659-2F3E54D0494C}"
EndProject
Project("{2150E333-8FDC-42A3-9474-1A3956D46DE8}") = "Solution Items", "Solution Items", "{4814F3F1-A450-4057-BD8D-974795261349}"
	ProjectSection(SolutionItems) = preProject
		.editorconfig = .editorconfig
		.gitattributes = .gitattributes
		.gitignore = .gitignore
		NuGet.Config = NuGet.Config
		package-lock.json = package-lock.json
		package.json = package.json
		README.md = README.md
		webpack.common.js = webpack.common.js
		webpack.config.js = webpack.config.js
	EndProjectSection
EndProject
Project("{6EC3EE1D-3C4E-46DD-8F32-0CC8E7565705}") = "Eventmann.Client", "Eventmann.Client\Eventmann.Client.fsproj", "{16C0EBFB-06AE-4F1C-98B8-CBF24E2FDBFB}"
EndProject
Project("{6EC3EE1D-3C4E-46DD-8F32-0CC8E7565705}") = "Kairos.Server", "..\Kairos\src\Kairos.Server\Kairos.Server.fsproj", "{5EE9865D-0C00-46FC-AF53-F7A34842E87F}"
EndProject
Project("{6EC3EE1D-3C4E-46DD-8F32-0CC8E7565705}") = "Kairos.Server.MsSql", "..\Kairos\src\Kairos.Server.MsSql\Kairos.Server.MsSql.fsproj", "{C01A24F4-353A-45EB-9F5E-E65B3CBD0A51}"
EndProject
Project("{F2A71F9B-5D33-465A-A702-920D77279786}") = "Eventmann.CustomerInfo", "Eventmann.CustomerInfo\Eventmann.CustomerInfo.fsproj", "{CA7CD596-0E0E-4610-A5AF-3B5A2DA626E3}"
EndProject
Global
	GlobalSection(SolutionConfigurationPlatforms) = preSolution
		Debug|Any CPU = Debug|Any CPU
		Release|Any CPU = Release|Any CPU
	EndGlobalSection
	GlobalSection(ProjectConfigurationPlatforms) = postSolution
		{050859F9-F026-4496-9A26-4B36C6F611B0}.Debug|Any CPU.ActiveCfg = Debug|Any CPU
		{050859F9-F026-4496-9A26-4B36C6F611B0}.Debug|Any CPU.Build.0 = Debug|Any CPU
		{050859F9-F026-4496-9A26-4B36C6F611B0}.Release|Any CPU.ActiveCfg = Release|Any CPU
		{050859F9-F026-4496-9A26-4B36C6F611B0}.Release|Any CPU.Build.0 = Release|Any CPU
		{0BFFB93A-2775-4312-8659-2F3E54D0494C}.Debug|Any CPU.ActiveCfg = Debug|Any CPU
		{0BFFB93A-2775-4312-8659-2F3E54D0494C}.Debug|Any CPU.Build.0 = Debug|Any CPU
		{0BFFB93A-2775-4312-8659-2F3E54D0494C}.Release|Any CPU.ActiveCfg = Release|Any CPU
		{0BFFB93A-2775-4312-8659-2F3E54D0494C}.Release|Any CPU.Build.0 = Release|Any CPU
		{16C0EBFB-06AE-4F1C-98B8-CBF24E2FDBFB}.Debug|Any CPU.ActiveCfg = Debug|Any CPU
		{16C0EBFB-06AE-4F1C-98B8-CBF24E2FDBFB}.Debug|Any CPU.Build.0 = Debug|Any CPU
		{16C0EBFB-06AE-4F1C-98B8-CBF24E2FDBFB}.Release|Any CPU.ActiveCfg = Release|Any CPU
		{16C0EBFB-06AE-4F1C-98B8-CBF24E2FDBFB}.Release|Any CPU.Build.0 = Release|Any CPU
		{5EE9865D-0C00-46FC-AF53-F7A34842E87F}.Debug|Any CPU.ActiveCfg = Debug|Any CPU
		{5EE9865D-0C00-46FC-AF53-F7A34842E87F}.Debug|Any CPU.Build.0 = Debug|Any CPU
		{5EE9865D-0C00-46FC-AF53-F7A34842E87F}.Release|Any CPU.ActiveCfg = Release|Any CPU
		{5EE9865D-0C00-46FC-AF53-F7A34842E87F}.Release|Any CPU.Build.0 = Release|Any CPU
		{C01A24F4-353A-45EB-9F5E-E65B3CBD0A51}.Debug|Any CPU.ActiveCfg = Debug|Any CPU
		{C01A24F4-353A-45EB-9F5E-E65B3CBD0A51}.Debug|Any CPU.Build.0 = Debug|Any CPU
		{C01A24F4-353A-45EB-9F5E-E65B3CBD0A51}.Release|Any CPU.ActiveCfg = Release|Any CPU
		{C01A24F4-353A-45EB-9F5E-E65B3CBD0A51}.Release|Any CPU.Build.0 = Release|Any CPU
		{CA7CD596-0E0E-4610-A5AF-3B5A2DA626E3}.Debug|Any CPU.ActiveCfg = Debug|Any CPU
		{CA7CD596-0E0E-4610-A5AF-3B5A2DA626E3}.Debug|Any CPU.Build.0 = Debug|Any CPU
		{CA7CD596-0E0E-4610-A5AF-3B5A2DA626E3}.Release|Any CPU.ActiveCfg = Release|Any CPU
		{CA7CD596-0E0E-4610-A5AF-3B5A2DA626E3}.Release|Any CPU.Build.0 = Release|Any CPU
	EndGlobalSection
	GlobalSection(SolutionProperties) = preSolution
		HideSolutionNode = FALSE
	EndGlobalSection
	GlobalSection(ExtensibilityGlobals) = postSolution
		SolutionGuid = {63780C53-0A79-4226-A72D-AB0308217451}
	EndGlobalSection
EndGlobal
